
Microsoft Visual Studio Solution File, Format Version 12.00
# Visual Studio Version 17
VisualStudioVersion = 17.12.35410.144
MinimumVisualStudioVersion = 10.0.40219.1
Project("{FAE04EC0-301F-11D3-BF4B-00C04F79EFBC}") = "4.1 Кадровый учет", "Задания\4.1 Кадровый учет.csproj", "{BF0ADA21-323A-485C-9C82-DBBBAE6D440C}"
EndProject
Project("{FAE04EC0-301F-11D3-BF4B-00C04F79EFBC}") = "Конвертер валют", "Конвертер валют\Конвертер валют.csproj", "{FCB72612-201D-40DE-927B-06AA3BD4B937}"
EndProject
Project("{FAE04EC0-301F-11D3-BF4B-00C04F79EFBC}") = "4.2. UIElement", "4.2. UIElement\4.2. UIElement.csproj", "{6E512484-B166-474A-9D24-494AFFADAFAB}"
EndProject
Project("{FAE04EC0-301F-11D3-BF4B-00C04F79EFBC}") = "4.3. ReadInt", "4.3. ReadInt\4.3. ReadInt.csproj", "{886CC14D-953C-45C0-A70D-D8D6B3E07BAF}"
EndProject
Project("{FAE04EC0-301F-11D3-BF4B-00C04F79EFBC}") = "4.2 Brave new world", "4. Brave new world\4.2 Brave new world.csproj", "{50227F39-B3A5-479D-AB7D-5BBAD283C011}"
EndProject
Project("{FAE04EC0-301F-11D3-BF4B-00C04F79EFBC}") = "5. Канзас сити шафл", "5. Канзас сити шафл\5. Канзас сити шафл.csproj", "{51B8FF61-9B14-479F-ABF9-BE2154B3248A}"
EndProject
Project("{FAE04EC0-301F-11D3-BF4B-00C04F79EFBC}") = "5.1. Толковый словарь", "5.1. Толковый словарь\5.1. Толковый словарь.csproj", "{5D2055FF-AFC4-4492-8D41-44ADB94BC04D}"
EndProject
Project("{FAE04EC0-301F-11D3-BF4B-00C04F79EFBC}") = "5.2 Очередь в магазине", "5.2 Очередь в магазине\5.2 Очередь в магазине.csproj", "{94F0B123-FE07-4810-9D29-9E344EB3EC7F}"
EndProject
Project("{FAE04EC0-301F-11D3-BF4B-00C04F79EFBC}") = "5.3 Динамический массив продвинутый", "5.3 Динамический массив продвинутый\5.3 Динамический массив продвинутый.csproj", "{51FFBB3A-F6F0-45A9-B2D0-B94EA823603C}"
EndProject
Project("{FAE04EC0-301F-11D3-BF4B-00C04F79EFBC}") = "5.4 Кадровый учет продвинутый", "5.4 Кадровый учет продвинутый\5.4 Кадровый учет продвинутый.csproj", "{FCDB0FDF-B9CB-446B-B3C8-CCF39E9EC34D}"
EndProject
Project("{FAE04EC0-301F-11D3-BF4B-00C04F79EFBC}") = "Tests", "Tests\Tests.csproj", "{63E34D30-1AAF-4AA7-ACB6-1F4A0FD82F0F}"
EndProject
Global
	GlobalSection(SolutionConfigurationPlatforms) = preSolution
		Debug|Any CPU = Debug|Any CPU
		Release|Any CPU = Release|Any CPU
	EndGlobalSection
	GlobalSection(ProjectConfigurationPlatforms) = postSolution
		{BF0ADA21-323A-485C-9C82-DBBBAE6D440C}.Debug|Any CPU.ActiveCfg = Debug|Any CPU
		{BF0ADA21-323A-485C-9C82-DBBBAE6D440C}.Debug|Any CPU.Build.0 = Debug|Any CPU
		{BF0ADA21-323A-485C-9C82-DBBBAE6D440C}.Release|Any CPU.ActiveCfg = Release|Any CPU
		{BF0ADA21-323A-485C-9C82-DBBBAE6D440C}.Release|Any CPU.Build.0 = Release|Any CPU
		{FCB72612-201D-40DE-927B-06AA3BD4B937}.Debug|Any CPU.ActiveCfg = Debug|Any CPU
		{FCB72612-201D-40DE-927B-06AA3BD4B937}.Debug|Any CPU.Build.0 = Debug|Any CPU
		{FCB72612-201D-40DE-927B-06AA3BD4B937}.Release|Any CPU.ActiveCfg = Release|Any CPU
		{FCB72612-201D-40DE-927B-06AA3BD4B937}.Release|Any CPU.Build.0 = Release|Any CPU
		{6E512484-B166-474A-9D24-494AFFADAFAB}.Debug|Any CPU.ActiveCfg = Debug|Any CPU
		{6E512484-B166-474A-9D24-494AFFADAFAB}.Debug|Any CPU.Build.0 = Debug|Any CPU
		{6E512484-B166-474A-9D24-494AFFADAFAB}.Release|Any CPU.ActiveCfg = Release|Any CPU
		{6E512484-B166-474A-9D24-494AFFADAFAB}.Release|Any CPU.Build.0 = Release|Any CPU
		{886CC14D-953C-45C0-A70D-D8D6B3E07BAF}.Debug|Any CPU.ActiveCfg = Debug|Any CPU
		{886CC14D-953C-45C0-A70D-D8D6B3E07BAF}.Debug|Any CPU.Build.0 = Debug|Any CPU
		{886CC14D-953C-45C0-A70D-D8D6B3E07BAF}.Release|Any CPU.ActiveCfg = Release|Any CPU
		{886CC14D-953C-45C0-A70D-D8D6B3E07BAF}.Release|Any CPU.Build.0 = Release|Any CPU
		{50227F39-B3A5-479D-AB7D-5BBAD283C011}.Debug|Any CPU.ActiveCfg = Debug|Any CPU
		{50227F39-B3A5-479D-AB7D-5BBAD283C011}.Debug|Any CPU.Build.0 = Debug|Any CPU
		{50227F39-B3A5-479D-AB7D-5BBAD283C011}.Release|Any CPU.ActiveCfg = Release|Any CPU
		{50227F39-B3A5-479D-AB7D-5BBAD283C011}.Release|Any CPU.Build.0 = Release|Any CPU
		{51B8FF61-9B14-479F-ABF9-BE2154B3248A}.Debug|Any CPU.ActiveCfg = Debug|Any CPU
		{51B8FF61-9B14-479F-ABF9-BE2154B3248A}.Debug|Any CPU.Build.0 = Debug|Any CPU
		{51B8FF61-9B14-479F-ABF9-BE2154B3248A}.Release|Any CPU.ActiveCfg = Release|Any CPU
		{51B8FF61-9B14-479F-ABF9-BE2154B3248A}.Release|Any CPU.Build.0 = Release|Any CPU
		{5D2055FF-AFC4-4492-8D41-44ADB94BC04D}.Debug|Any CPU.ActiveCfg = Debug|Any CPU
		{5D2055FF-AFC4-4492-8D41-44ADB94BC04D}.Debug|Any CPU.Build.0 = Debug|Any CPU
		{5D2055FF-AFC4-4492-8D41-44ADB94BC04D}.Release|Any CPU.ActiveCfg = Release|Any CPU
		{5D2055FF-AFC4-4492-8D41-44ADB94BC04D}.Release|Any CPU.Build.0 = Release|Any CPU
		{94F0B123-FE07-4810-9D29-9E344EB3EC7F}.Debug|Any CPU.ActiveCfg = Debug|Any CPU
		{94F0B123-FE07-4810-9D29-9E344EB3EC7F}.Debug|Any CPU.Build.0 = Debug|Any CPU
		{94F0B123-FE07-4810-9D29-9E344EB3EC7F}.Release|Any CPU.ActiveCfg = Release|Any CPU
		{94F0B123-FE07-4810-9D29-9E344EB3EC7F}.Release|Any CPU.Build.0 = Release|Any CPU
		{51FFBB3A-F6F0-45A9-B2D0-B94EA823603C}.Debug|Any CPU.ActiveCfg = Debug|Any CPU
		{51FFBB3A-F6F0-45A9-B2D0-B94EA823603C}.Debug|Any CPU.Build.0 = Debug|Any CPU
		{51FFBB3A-F6F0-45A9-B2D0-B94EA823603C}.Release|Any CPU.ActiveCfg = Release|Any CPU
		{51FFBB3A-F6F0-45A9-B2D0-B94EA823603C}.Release|Any CPU.Build.0 = Release|Any CPU
		{FCDB0FDF-B9CB-446B-B3C8-CCF39E9EC34D}.Debug|Any CPU.ActiveCfg = Debug|Any CPU
		{FCDB0FDF-B9CB-446B-B3C8-CCF39E9EC34D}.Debug|Any CPU.Build.0 = Debug|Any CPU
		{FCDB0FDF-B9CB-446B-B3C8-CCF39E9EC34D}.Release|Any CPU.ActiveCfg = Release|Any CPU
		{FCDB0FDF-B9CB-446B-B3C8-CCF39E9EC34D}.Release|Any CPU.Build.0 = Release|Any CPU
		{63E34D30-1AAF-4AA7-ACB6-1F4A0FD82F0F}.Debug|Any CPU.ActiveCfg = Debug|Any CPU
		{63E34D30-1AAF-4AA7-ACB6-1F4A0FD82F0F}.Debug|Any CPU.Build.0 = Debug|Any CPU
		{63E34D30-1AAF-4AA7-ACB6-1F4A0FD82F0F}.Release|Any CPU.ActiveCfg = Release|Any CPU
		{63E34D30-1AAF-4AA7-ACB6-1F4A0FD82F0F}.Release|Any CPU.Build.0 = Release|Any CPU
	EndGlobalSection
	GlobalSection(SolutionProperties) = preSolution
		HideSolutionNode = FALSE
	EndGlobalSection
EndGlobal
